// !$*UTF8*$!
{
	archiveVersion = 1;
	classes = {
	};
	objectVersion = 46;
	objects = {

/* Begin PBXBuildFile section */
		2C8D729D15984F0600146B8E /* UIKit.framework in Frameworks */ = {isa = PBXBuildFile; fileRef = 2C8D729C15984F0600146B8E /* UIKit.framework */; };
		2C8D729F15984F0600146B8E /* Foundation.framework in Frameworks */ = {isa = PBXBuildFile; fileRef = 2C8D729E15984F0600146B8E /* Foundation.framework */; };
		2C8D72A115984F0600146B8E /* CoreGraphics.framework in Frameworks */ = {isa = PBXBuildFile; fileRef = 2C8D72A015984F0600146B8E /* CoreGraphics.framework */; };
		2C8D72A715984F0600146B8E /* InfoPlist.strings in Resources */ = {isa = PBXBuildFile; fileRef = 2C8D72A515984F0600146B8E /* InfoPlist.strings */; };
		2C8D72A915984F0600146B8E /* main.m in Sources */ = {isa = PBXBuildFile; fileRef = 2C8D72A815984F0600146B8E /* main.m */; };
		2C8D72AD15984F0600146B8E /* RevAppDelegate.m in Sources */ = {isa = PBXBuildFile; fileRef = 2C8D72AC15984F0600146B8E /* RevAppDelegate.m */; };
		2C8D72B015984F0600146B8E /* MainStoryboard.storyboard in Resources */ = {isa = PBXBuildFile; fileRef = 2C8D72AE15984F0600146B8E /* MainStoryboard.storyboard */; };
		2C8D72B315984F0600146B8E /* RevViewController.m in Sources */ = {isa = PBXBuildFile; fileRef = 2C8D72B215984F0600146B8E /* RevViewController.m */; };
		2C8D72BA159850BA00146B8E /* R.png in Resources */ = {isa = PBXBuildFile; fileRef = 2C8D72B9159850BA00146B8E /* R.png */; };
/* End PBXBuildFile section */

/* Begin PBXFileReference section */
		2C8D729815984F0600146B8E /* Cal.app */ = {isa = PBXFileReference; explicitFileType = wrapper.application; includeInIndex = 0; path = Cal.app; sourceTree = BUILT_PRODUCTS_DIR; };
		2C8D729C15984F0600146B8E /* UIKit.framework */ = {isa = PBXFileReference; lastKnownFileType = wrapper.framework; name = UIKit.framework; path = System/Library/Frameworks/UIKit.framework; sourceTree = SDKROOT; };
		2C8D729E15984F0600146B8E /* Foundation.framework */ = {isa = PBXFileReference; lastKnownFileType = wrapper.framework; name = Foundation.framework; path = System/Library/Frameworks/Foundation.framework; sourceTree = SDKROOT; };
		2C8D72A015984F0600146B8E /* CoreGraphics.framework */ = {isa = PBXFileReference; lastKnownFileType = wrapper.framework; name = CoreGraphics.framework; path = System/Library/Frameworks/CoreGraphics.framework; sourceTree = SDKROOT; };
		2C8D72A415984F0600146B8E /* Cal-Info.plist */ = {isa = PBXFileReference; lastKnownFileType = text.plist.xml; path = "Cal-Info.plist"; sourceTree = "<group>"; };
		2C8D72A615984F0600146B8E /* en */ = {isa = PBXFileReference; lastKnownFileType = text.plist.strings; name = en; path = en.lproj/InfoPlist.strings; sourceTree = "<group>"; };
		2C8D72A815984F0600146B8E /* main.m */ = {isa = PBXFileReference; lastKnownFileType = sourcecode.c.objc; path = main.m; sourceTree = "<group>"; };
		2C8D72AA15984F0600146B8E /* Cal-Prefix.pch */ = {isa = PBXFileReference; lastKnownFileType = sourcecode.c.h; path = "Cal-Prefix.pch"; sourceTree = "<group>"; };
		2C8D72AB15984F0600146B8E /* RevAppDelegate.h */ = {isa = PBXFileReference; lastKnownFileType = sourcecode.c.h; path = RevAppDelegate.h; sourceTree = "<group>"; };
		2C8D72AC15984F0600146B8E /* RevAppDelegate.m */ = {isa = PBXFileReference; lastKnownFileType = sourcecode.c.objc; path = RevAppDelegate.m; sourceTree = "<group>"; };
		2C8D72AF15984F0600146B8E /* en */ = {isa = PBXFileReference; lastKnownFileType = file.storyboard; name = en; path = en.lproj/MainStoryboard.storyboard; sourceTree = "<group>"; };
		2C8D72B115984F0600146B8E /* RevViewController.h */ = {isa = PBXFileReference; lastKnownFileType = sourcecode.c.h; path = RevViewController.h; sourceTree = "<group>"; };
		2C8D72B215984F0600146B8E /* RevViewController.m */ = {isa = PBXFileReference; lastKnownFileType = sourcecode.c.objc; path = RevViewController.m; sourceTree = "<group>"; };
		2C8D72B9159850BA00146B8E /* R.png */ = {isa = PBXFileReference; lastKnownFileType = image.png; path = R.png; sourceTree = "<group>"; };
/* End PBXFileReference section */

/* Begin PBXFrameworksBuildPhase section */
		2C8D729515984F0600146B8E /* Frameworks */ = {
			isa = PBXFrameworksBuildPhase;
			buildActionMask = 2147483647;
			files = (
				2C8D729D15984F0600146B8E /* UIKit.framework in Frameworks */,
				2C8D729F15984F0600146B8E /* Foundation.framework in Frameworks */,
				2C8D72A115984F0600146B8E /* CoreGraphics.framework in Frameworks */,
			);
			runOnlyForDeploymentPostprocessing = 0;
		};
/* End PBXFrameworksBuildPhase section */

/* Begin PBXGroup section */
		2C8D728D15984F0600146B8E = {
			isa = PBXGroup;
			children = (
				2C8D72B9159850BA00146B8E /* R.png */,
				2C8D72A215984F0600146B8E /* Cal */,
				2C8D729B15984F0600146B8E /* Frameworks */,
				2C8D729915984F0600146B8E /* Products */,
			);
			sourceTree = "<group>";
		};
		2C8D729915984F0600146B8E /* Products */ = {
			isa = PBXGroup;
			children = (
				2C8D729815984F0600146B8E /* Cal.app */,
			);
			name = Products;
			sourceTree = "<group>";
		};
		2C8D729B15984F0600146B8E /* Frameworks */ = {
			isa = PBXGroup;
			children = (
				2C8D729C15984F0600146B8E /* UIKit.framework */,
				2C8D729E15984F0600146B8E /* Foundation.framework */,
				2C8D72A015984F0600146B8E /* CoreGraphics.framework */,
			);
			name = Frameworks;
			sourceTree = "<group>";
		};
		2C8D72A215984F0600146B8E /* Cal */ = {
			isa = PBXGroup;
			children = (
				2C8D72AB15984F0600146B8E /* RevAppDelegate.h */,
				2C8D72AC15984F0600146B8E /* RevAppDelegate.m */,
				2C8D72AE15984F0600146B8E /* MainStoryboard.storyboard */,
				2C8D72B115984F0600146B8E /* RevViewController.h */,
				2C8D72B215984F0600146B8E /* RevViewController.m */,
				2C8D72A315984F0600146B8E /* Supporting Files */,
			);
			path = Cal;
			sourceTree = "<group>";
		};
		2C8D72A315984F0600146B8E /* Supporting Files */ = {
			isa = PBXGroup;
			children = (
				2C8D72A415984F0600146B8E /* Cal-Info.plist */,
				2C8D72A515984F0600146B8E /* InfoPlist.strings */,
				2C8D72A815984F0600146B8E /* main.m */,
				2C8D72AA15984F0600146B8E /* Cal-Prefix.pch */,
			);
			name = "Supporting Files";
			sourceTree = "<group>";
		};
/* End PBXGroup section */

/* Begin PBXNativeTarget section */
		2C8D729715984F0600146B8E /* Cal */ = {
			isa = PBXNativeTarget;
			buildConfigurationList = 2C8D72B615984F0600146B8E /* Build configuration list for PBXNativeTarget "Cal" */;
			buildPhases = (
				2C8D729415984F0600146B8E /* Sources */,
				2C8D729515984F0600146B8E /* Frameworks */,
				2C8D729615984F0600146B8E /* Resources */,
			);
			buildRules = (
			);
			dependencies = (
			);
			name = Cal;
			productName = Cal;
			productReference = 2C8D729815984F0600146B8E /* Cal.app */;
			productType = "com.apple.product-type.application";
		};
/* End PBXNativeTarget section */

/* Begin PBXProject section */
		2C8D728F15984F0600146B8E /* Project object */ = {
			isa = PBXProject;
			attributes = {
				LastUpgradeCheck = 0420;
				ORGANIZATIONNAME = "hariharanweb@gmail.com";
			};
			buildConfigurationList = 2C8D729215984F0600146B8E /* Build configuration list for PBXProject "Cal" */;
			compatibilityVersion = "Xcode 3.2";
			developmentRegion = English;
			hasScannedForEncodings = 0;
			knownRegions = (
				en,
			);
			mainGroup = 2C8D728D15984F0600146B8E;
			productRefGroup = 2C8D729915984F0600146B8E /* Products */;
			projectDirPath = "";
			projectRoot = "";
			targets = (
				2C8D729715984F0600146B8E /* Cal */,
			);
		};
/* End PBXProject section */

/* Begin PBXResourcesBuildPhase section */
		2C8D729615984F0600146B8E /* Resources */ = {
			isa = PBXResourcesBuildPhase;
			buildActionMask = 2147483647;
			files = (
				2C8D72A715984F0600146B8E /* InfoPlist.strings in Resources */,
				2C8D72B015984F0600146B8E /* MainStoryboard.storyboard in Resources */,
				2C8D72BA159850BA00146B8E /* R.png in Resources */,
			);
			runOnlyForDeploymentPostprocessing = 0;
		};
/* End PBXResourcesBuildPhase section */

/* Begin PBXSourcesBuildPhase section */
		2C8D729415984F0600146B8E /* Sources */ = {
			isa = PBXSourcesBuildPhase;
			buildActionMask = 2147483647;
			files = (
				2C8D72A915984F0600146B8E /* main.m in Sources */,
				2C8D72AD15984F0600146B8E /* RevAppDelegate.m in Sources */,
				2C8D72B315984F0600146B8E /* RevViewController.m in Sources */,
			);
			runOnlyForDeploymentPostprocessing = 0;
		};
/* End PBXSourcesBuildPhase section */

/* Begin PBXVariantGroup section */
		2C8D72A515984F0600146B8E /* InfoPlist.strings */ = {
			isa = PBXVariantGroup;
			children = (
				2C8D72A615984F0600146B8E /* en */,
			);
			name = InfoPlist.strings;
			sourceTree = "<group>";
		};
		2C8D72AE15984F0600146B8E /* MainStoryboard.storyboard */ = {
			isa = PBXVariantGroup;
			children = (
				2C8D72AF15984F0600146B8E /* en */,
			);
			name = MainStoryboard.storyboard;
			sourceTree = "<group>";
		};
/* End PBXVariantGroup section */

/* Begin XCBuildConfiguration section */
		2C8D72B415984F0600146B8E /* Debug */ = {
			isa = XCBuildConfiguration;
			buildSettings = {
				ALWAYS_SEARCH_USER_PATHS = NO;
				ARCHS = "$(ARCHS_STANDARD_32_BIT)";
				CLANG_ENABLE_OBJC_ARC = YES;
				"CODE_SIGN_IDENTITY[sdk=iphoneos*]" = "iPhone Developer";
				COPY_PHASE_STRIP = NO;
				GCC_C_LANGUAGE_STANDARD = gnu99;
				GCC_DYNAMIC_NO_PIC = NO;
				GCC_OPTIMIZATION_LEVEL = 0;
				GCC_PREPROCESSOR_DEFINITIONS = (
					"DEBUG=1",
					"$(inherited)",
				);
				GCC_SYMBOLS_PRIVATE_EXTERN = NO;
				GCC_VERSION = com.apple.compilers.llvm.clang.1_0;
				GCC_WARN_ABOUT_MISSING_PROTOTYPES = YES;
				GCC_WARN_ABOUT_RETURN_TYPE = YES;
				GCC_WARN_UNUSED_VARIABLE = YES;
				IPHONEOS_DEPLOYMENT_TARGET = 5.0;
				SDKROOT = iphoneos;
				TARGETED_DEVICE_FAMILY = 2;
			};
			name = Debug;
		};
		2C8D72B515984F0600146B8E /* Release */ = {
			isa = XCBuildConfiguration;
			buildSettings = {
				ALWAYS_SEARCH_USER_PATHS = NO;
				ARCHS = "$(ARCHS_STANDARD_32_BIT)";
				CLANG_ENABLE_OBJC_ARC = YES;
				"CODE_SIGN_IDENTITY[sdk=iphoneos*]" = "iPhone Developer";
				COPY_PHASE_STRIP = YES;
				GCC_C_LANGUAGE_STANDARD = gnu99;
				GCC_VERSION = com.apple.compilers.llvm.clang.1_0;
				GCC_WARN_ABOUT_MISSING_PROTOTYPES = YES;
				GCC_WARN_ABOUT_RETURN_TYPE = YES;
				GCC_WARN_UNUSED_VARIABLE = YES;
				IPHONEOS_DEPLOYMENT_TARGET = 5.0;
				OTHER_CFLAGS = "-DNS_BLOCK_ASSERTIONS=1";
				SDKROOT = iphoneos;
				TARGETED_DEVICE_FAMILY = 2;
				VALIDATE_PRODUCT = YES;
			};
			name = Release;
		};
		2C8D72B715984F0600146B8E /* Debug */ = {
			isa = XCBuildConfiguration;
			buildSettings = {
				GCC_PRECOMPILE_PREFIX_HEADER = YES;
				GCC_PREFIX_HEADER = "Cal/Cal-Prefix.pch";
				INFOPLIST_FILE = "Cal/Cal-Info.plist";
				PRODUCT_NAME = "$(TARGET_NAME)";
				WRAPPER_EXTENSION = app;
			};
			name = Debug;
		};
		2C8D72B815984F0600146B8E /* Release */ = {
			isa = XCBuildConfiguration;
			buildSettings = {
				GCC_PRECOMPILE_PREFIX_HEADER = YES;
				GCC_PREFIX_HEADER = "Cal/Cal-Prefix.pch";
				INFOPLIST_FILE = "Cal/Cal-Info.plist";
				PRODUCT_NAME = "$(TARGET_NAME)";
				WRAPPER_EXTENSION = app;
			};
			name = Release;
		};
/* End XCBuildConfiguration section */

/* Begin XCConfigurationList section */
		2C8D729215984F0600146B8E /* Build configuration list for PBXProject "Cal" */ = {
			isa = XCConfigurationList;
			buildConfigurations = (
				2C8D72B415984F0600146B8E /* Debug */,
				2C8D72B515984F0600146B8E /* Release */,
			);
			defaultConfigurationIsVisible = 0;
			defaultConfigurationName = Release;
		};
		2C8D72B615984F0600146B8E /* Build configuration list for PBXNativeTarget "Cal" */ = {
			isa = XCConfigurationList;
			buildConfigurations = (
				2C8D72B715984F0600146B8E /* Debug */,
				2C8D72B815984F0600146B8E /* Release */,
			);
			defaultConfigurationIsVisible = 0;
		};
/* End XCConfigurationList section */
	};
	rootObject = 2C8D728F15984F0600146B8E /* Project object */;
}
